
Microsoft Visual Studio Solution File, Format Version 12.00
# Visual Studio Version 17
VisualStudioVersion = 17.7.33808.371
MinimumVisualStudioVersion = 10.0.40219.1
Project("{9A19103F-16F7-4668-BE54-9A1E7A4F7556}") = "treehammock", "treehammock.csproj", "{F942FFB5-D087-4DBA-B9DA-764604FE6F08}"
EndProject
Project("{FAE04EC0-301F-11D3-BF4B-00C04F79EFBC}") = "treehammock.Tests", "treehammock.Tests\treehammock.Tests.csproj", "{8D529B76-6D6D-4BA7-B3E0-82D4A6EF3AA4}"
EndProject
Global
	GlobalSection(SolutionConfigurationPlatforms) = preSolution
		Debug|Any CPU = Debug|Any CPU
		Release|Any CPU = Release|Any CPU
		Sandbox|Any CPU = Sandbox|Any CPU
	EndGlobalSection
	GlobalSection(ProjectConfigurationPlatforms) = postSolution
		{F942FFB5-D087-4DBA-B9DA-764604FE6F08}.Debug|Any CPU.ActiveCfg = Debug|Any CPU
		{F942FFB5-D087-4DBA-B9DA-764604FE6F08}.Debug|Any CPU.Build.0 = Debug|Any CPU
		{F942FFB5-D087-4DBA-B9DA-764604FE6F08}.Release|Any CPU.ActiveCfg = Release|Any CPU
		{F942FFB5-D087-4DBA-B9DA-764604FE6F08}.Release|Any CPU.Build.0 = Release|Any CPU
		{F942FFB5-D087-4DBA-B9DA-764604FE6F08}.Sandbox|Any CPU.ActiveCfg = Sandbox|Any CPU
		{F942FFB5-D087-4DBA-B9DA-764604FE6F08}.Sandbox|Any CPU.Build.0 = Sandbox|Any CPU
		{8D529B76-6D6D-4BA7-B3E0-82D4A6EF3AA4}.Debug|Any CPU.ActiveCfg = Debug|Any CPU
		{8D529B76-6D6D-4BA7-B3E0-82D4A6EF3AA4}.Debug|Any CPU.Build.0 = Debug|Any CPU
		{8D529B76-6D6D-4BA7-B3E0-82D4A6EF3AA4}.Release|Any CPU.ActiveCfg = Release|Any CPU
		{8D529B76-6D6D-4BA7-B3E0-82D4A6EF3AA4}.Release|Any CPU.Build.0 = Release|Any CPU
		{8D529B76-6D6D-4BA7-B3E0-82D4A6EF3AA4}.Sandbox|Any CPU.ActiveCfg = Debug|Any CPU
		{8D529B76-6D6D-4BA7-B3E0-82D4A6EF3AA4}.Sandbox|Any CPU.Build.0 = Debug|Any CPU
	EndGlobalSection
	GlobalSection(SolutionProperties) = preSolution
		HideSolutionNode = FALSE
	EndGlobalSection
	GlobalSection(ExtensibilityGlobals) = postSolution
		SolutionGuid = {620F10EB-47AC-4BA9-B01A-5DC7FCF763DF}
	EndGlobalSection
EndGlobal
